// !$*UTF8*$!
{
	archiveVersion = 1;
	classes = {
	};
	objectVersion = 50;
	objects = {

/* Begin PBXBuildFile section */
		5720270B22E07E5500447634 /* AppDelegate.swift in Sources */ = {isa = PBXBuildFile; fileRef = 5720270A22E07E5500447634 /* AppDelegate.swift */; };
		5720270D22E07E5500447634 /* ViewController.swift in Sources */ = {isa = PBXBuildFile; fileRef = 5720270C22E07E5500447634 /* ViewController.swift */; };
		5720271222E07E5500447634 /* Main.storyboard in Resources */ = {isa = PBXBuildFile; fileRef = 5720271022E07E5500447634 /* Main.storyboard */; };
		5720271422E07E5600447634 /* Assets.xcassets in Resources */ = {isa = PBXBuildFile; fileRef = 5720271322E07E5600447634 /* Assets.xcassets */; };
		5720271722E07E5600447634 /* LaunchScreen.storyboard in Resources */ = {isa = PBXBuildFile; fileRef = 5720271522E07E5600447634 /* LaunchScreen.storyboard */; };
		5731328E22E08AF300B5CE07 /* robot.usdz in Resources */ = {isa = PBXBuildFile; fileRef = 5731328D22E08AF300B5CE07 /* robot.usdz */; };
/* End PBXBuildFile section */

/* Begin PBXFileReference section */
		5720270722E07E5500447634 /* ARPeopleOcclusion.app */ = {isa = PBXFileReference; explicitFileType = wrapper.application; includeInIndex = 0; path = ARPeopleOcclusion.app; sourceTree = BUILT_PRODUCTS_DIR; };
		5720270A22E07E5500447634 /* AppDelegate.swift */ = {isa = PBXFileReference; lastKnownFileType = sourcecode.swift; path = AppDelegate.swift; sourceTree = "<group>"; };
		5720270C22E07E5500447634 /* ViewController.swift */ = {isa = PBXFileReference; lastKnownFileType = sourcecode.swift; path = ViewController.swift; sourceTree = "<group>"; };
		5720271122E07E5500447634 /* Base */ = {isa = PBXFileReference; lastKnownFileType = file.storyboard; name = Base; path = Base.lproj/Main.storyboard; sourceTree = "<group>"; };
		5720271322E07E5600447634 /* Assets.xcassets */ = {isa = PBXFileReference; lastKnownFileType = folder.assetcatalog; path = Assets.xcassets; sourceTree = "<group>"; };
		5720271622E07E5600447634 /* Base */ = {isa = PBXFileReference; lastKnownFileType = file.storyboard; name = Base; path = Base.lproj/LaunchScreen.storyboard; sourceTree = "<group>"; };
		5720271822E07E5600447634 /* Info.plist */ = {isa = PBXFileReference; lastKnownFileType = text.plist.xml; path = Info.plist; sourceTree = "<group>"; };
		5731328D22E08AF300B5CE07 /* robot.usdz */ = {isa = PBXFileReference; lastKnownFileType = file.usdz; path = robot.usdz; sourceTree = "<group>"; };
/* End PBXFileReference section */

/* Begin PBXFrameworksBuildPhase section */
		5720270422E07E5500447634 /* Frameworks */ = {
			isa = PBXFrameworksBuildPhase;
			buildActionMask = 2147483647;
			files = (
			);
			runOnlyForDeploymentPostprocessing = 0;
		};
/* End PBXFrameworksBuildPhase section */

/* Begin PBXGroup section */
		572026FE22E07E5500447634 = {
			isa = PBXGroup;
			children = (
				5720270922E07E5500447634 /* ARPeopleOcclusion */,
				5720270822E07E5500447634 /* Products */,
			);
			sourceTree = "<group>";
		};
		5720270822E07E5500447634 /* Products */ = {
			isa = PBXGroup;
			children = (
				5720270722E07E5500447634 /* ARPeopleOcclusion.app */,
			);
			name = Products;
			sourceTree = "<group>";
		};
		5720270922E07E5500447634 /* ARPeopleOcclusion */ = {
			isa = PBXGroup;
			children = (
				5731328D22E08AF300B5CE07 /* robot.usdz */,
				5720270A22E07E5500447634 /* AppDelegate.swift */,
				5720270C22E07E5500447634 /* ViewController.swift */,
				5720271022E07E5500447634 /* Main.storyboard */,
				5720271322E07E5600447634 /* Assets.xcassets */,
				5720271522E07E5600447634 /* LaunchScreen.storyboard */,
				5720271822E07E5600447634 /* Info.plist */,
			);
			path = ARPeopleOcclusion;
			sourceTree = "<group>";
		};
/* End PBXGroup section */

/* Begin PBXNativeTarget section */
		5720270622E07E5500447634 /* ARPeopleOcclusion */ = {
			isa = PBXNativeTarget;
			buildConfigurationList = 5720271B22E07E5600447634 /* Build configuration list for PBXNativeTarget "ARPeopleOcclusion" */;
			buildPhases = (
				5720270322E07E5500447634 /* Sources */,
				5720270422E07E5500447634 /* Frameworks */,
				5720270522E07E5500447634 /* Resources */,
			);
			buildRules = (
			);
			dependencies = (
			);
			name = ARPeopleOcclusion;
			productName = ARPeopleOcclusion;
			productReference = 5720270722E07E5500447634 /* ARPeopleOcclusion.app */;
			productType = "com.apple.product-type.application";
		};
/* End PBXNativeTarget section */

/* Begin PBXProject section */
		572026FF22E07E5500447634 /* Project object */ = {
			isa = PBXProject;
			attributes = {
				LastSwiftUpdateCheck = 1100;
				LastUpgradeCheck = 1100;
				ORGANIZATIONNAME = aKANJ;
				TargetAttributes = {
					5720270622E07E5500447634 = {
						CreatedOnToolsVersion = 11.0;
					};
				};
			};
			buildConfigurationList = 5720270222E07E5500447634 /* Build configuration list for PBXProject "ARPeopleOcclusion" */;
			compatibilityVersion = "Xcode 9.3";
			developmentRegion = en;
			hasScannedForEncodings = 0;
			knownRegions = (
				en,
				Base,
			);
			mainGroup = 572026FE22E07E5500447634;
			productRefGroup = 5720270822E07E5500447634 /* Products */;
			projectDirPath = "";
			projectRoot = "";
			targets = (
				5720270622E07E5500447634 /* ARPeopleOcclusion */,
			);
		};
/* End PBXProject section */

/* Begin PBXResourcesBuildPhase section */
		5720270522E07E5500447634 /* Resources */ = {
			isa = PBXResourcesBuildPhase;
			buildActionMask = 2147483647;
			files = (
				5731328E22E08AF300B5CE07 /* robot.usdz in Resources */,
				5720271722E07E5600447634 /* LaunchScreen.storyboard in Resources */,
				5720271422E07E5600447634 /* Assets.xcassets in Resources */,
				5720271222E07E5500447634 /* Main.storyboard in Resources */,
			);
			runOnlyForDeploymentPostprocessing = 0;
		};
/* End PBXResourcesBuildPhase section */

/* Begin PBXSourcesBuildPhase section */
		5720270322E07E5500447634 /* Sources */ = {
			isa = PBXSourcesBuildPhase;
			buildActionMask = 2147483647;
			files = (
				5720270D22E07E5500447634 /* ViewController.swift in Sources */,
				5720270B22E07E5500447634 /* AppDelegate.swift in Sources */,
			);
			runOnlyForDeploymentPostprocessing = 0;
		};
/* End PBXSourcesBuildPhase section */

/* Begin PBXVariantGroup section */
		5720271022E07E5500447634 /* Main.storyboard */ = {
			isa = PBXVariantGroup;
			children = (
				5720271122E07E5500447634 /* Base */,
			);
			name = Main.storyboard;
			sourceTree = "<group>";
		};
		5720271522E07E5600447634 /* LaunchScreen.storyboard */ = {
			isa = PBXVariantGroup;
			children = (
				5720271622E07E5600447634 /* Base */,
			);
			name = LaunchScreen.storyboard;
			sourceTree = "<group>";
		};
/* End PBXVariantGroup section */

/* Begin XCBuildConfiguration section */
		5720271922E07E5600447634 /* Debug */ = {
			isa = XCBuildConfiguration;
			buildSettings = {
				ALWAYS_SEARCH_USER_PATHS = NO;
				CLANG_ANALYZER_NONNULL = YES;
				CLANG_ANALYZER_NUMBER_OBJECT_CONVERSION = YES_AGGRESSIVE;
				CLANG_CXX_LANGUAGE_STANDARD = "gnu++14";
				CLANG_CXX_LIBRARY = "libc++";
				CLANG_ENABLE_MODULES = YES;
				CLANG_ENABLE_OBJC_ARC = YES;
				CLANG_ENABLE_OBJC_WEAK = YES;
				CLANG_WARN_BLOCK_CAPTURE_AUTORELEASING = YES;
				CLANG_WARN_BOOL_CONVERSION = YES;
				CLANG_WARN_COMMA = YES;
				CLANG_WARN_CONSTANT_CONVERSION = YES;
				CLANG_WARN_DEPRECATED_OBJC_IMPLEMENTATIONS = YES;
				CLANG_WARN_DIRECT_OBJC_ISA_USAGE = YES_ERROR;
				CLANG_WARN_DOCUMENTATION_COMMENTS = YES;
				CLANG_WARN_EMPTY_BODY = YES;
				CLANG_WARN_ENUM_CONVERSION = YES;
				CLANG_WARN_INFINITE_RECURSION = YES;
				CLANG_WARN_INT_CONVERSION = YES;
				CLANG_WARN_NON_LITERAL_NULL_CONVERSION = YES;
				CLANG_WARN_OBJC_IMPLICIT_RETAIN_SELF = YES;
				CLANG_WARN_OBJC_LITERAL_CONVERSION = YES;
				CLANG_WARN_OBJC_ROOT_CLASS = YES_ERROR;
				CLANG_WARN_RANGE_LOOP_ANALYSIS = YES;
				CLANG_WARN_STRICT_PROTOTYPES = YES;
				CLANG_WARN_SUSPICIOUS_MOVE = YES;
				CLANG_WARN_UNGUARDED_AVAILABILITY = YES_AGGRESSIVE;
				CLANG_WARN_UNREACHABLE_CODE = YES;
				CLANG_WARN__DUPLICATE_METHOD_MATCH = YES;
				COPY_PHASE_STRIP = NO;
				DEBUG_INFORMATION_FORMAT = dwarf;
				ENABLE_STRICT_OBJC_MSGSEND = YES;
				ENABLE_TESTABILITY = YES;
				GCC_C_LANGUAGE_STANDARD = gnu11;
				GCC_DYNAMIC_NO_PIC = NO;
				GCC_NO_COMMON_BLOCKS = YES;
				GCC_OPTIMIZATION_LEVEL = 0;
				GCC_PREPROCESSOR_DEFINITIONS = (
					"DEBUG=1",
					"$(inherited)",
				);
				GCC_WARN_64_TO_32_BIT_CONVERSION = YES;
				GCC_WARN_ABOUT_RETURN_TYPE = YES_ERROR;
				GCC_WARN_UNDECLARED_SELECTOR = YES;
				GCC_WARN_UNINITIALIZED_AUTOS = YES_AGGRESSIVE;
				GCC_WARN_UNUSED_FUNCTION = YES;
				GCC_WARN_UNUSED_VARIABLE = YES;
				IPHONEOS_DEPLOYMENT_TARGET = 13.0;
				MTL_ENABLE_DEBUG_INFO = INCLUDE_SOURCE;
				MTL_FAST_MATH = YES;
				ONLY_ACTIVE_ARCH = YES;
				SDKROOT = iphoneos;
				SWIFT_ACTIVE_COMPILATION_CONDITIONS = DEBUG;
				SWIFT_OPTIMIZATION_LEVEL = "-Onone";
			};
			name = Debug;
		};
		5720271A22E07E5600447634 /* Release */ = {
			isa = XCBuildConfiguration;
			buildSettings = {
				ALWAYS_SEARCH_USER_PATHS = NO;
				CLANG_ANALYZER_NONNULL = YES;
				CLANG_ANALYZER_NUMBER_OBJECT_CONVERSION = YES_AGGRESSIVE;
				CLANG_CXX_LANGUAGE_STANDARD = "gnu++14";
				CLANG_CXX_LIBRARY = "libc++";
				CLANG_ENABLE_MODULES = YES;
				CLANG_ENABLE_OBJC_ARC = YES;
				CLANG_ENABLE_OBJC_WEAK = YES;
				CLANG_WARN_BLOCK_CAPTURE_AUTORELEASING = YES;
				CLANG_WARN_BOOL_CONVERSION = YES;
				CLANG_WARN_COMMA = YES;
				CLANG_WARN_CONSTANT_CONVERSION = YES;
				CLANG_WARN_DEPRECATED_OBJC_IMPLEMENTATIONS = YES;
				CLANG_WARN_DIRECT_OBJC_ISA_USAGE = YES_ERROR;
				CLANG_WARN_DOCUMENTATION_COMMENTS = YES;
				CLANG_WARN_EMPTY_BODY = YES;
				CLANG_WARN_ENUM_CONVERSION = YES;
				CLANG_WARN_INFINITE_RECURSION = YES;
				CLANG_WARN_INT_CONVERSION = YES;
				CLANG_WARN_NON_LITERAL_NULL_CONVERSION = YES;
				CLANG_WARN_OBJC_IMPLICIT_RETAIN_SELF = YES;
				CLANG_WARN_OBJC_LITERAL_CONVERSION = YES;
				CLANG_WARN_OBJC_ROOT_CLASS = YES_ERROR;
				CLANG_WARN_RANGE_LOOP_ANALYSIS = YES;
				CLANG_WARN_STRICT_PROTOTYPES = YES;
				CLANG_WARN_SUSPICIOUS_MOVE = YES;
				CLANG_WARN_UNGUARDED_AVAILABILITY = YES_AGGRESSIVE;
				CLANG_WARN_UNREACHABLE_CODE = YES;
				CLANG_WARN__DUPLICATE_METHOD_MATCH = YES;
				COPY_PHASE_STRIP = NO;
				DEBUG_INFORMATION_FORMAT = "dwarf-with-dsym";
				ENABLE_NS_ASSERTIONS = NO;
				ENABLE_STRICT_OBJC_MSGSEND = YES;
				GCC_C_LANGUAGE_STANDARD = gnu11;
				GCC_NO_COMMON_BLOCKS = YES;
				GCC_WARN_64_TO_32_BIT_CONVERSION = YES;
				GCC_WARN_ABOUT_RETURN_TYPE = YES_ERROR;
				GCC_WARN_UNDECLARED_SELECTOR = YES;
				GCC_WARN_UNINITIALIZED_AUTOS = YES_AGGRESSIVE;
				GCC_WARN_UNUSED_FUNCTION = YES;
				GCC_WARN_UNUSED_VARIABLE = YES;
				IPHONEOS_DEPLOYMENT_TARGET = 13.0;
				MTL_ENABLE_DEBUG_INFO = NO;
				MTL_FAST_MATH = YES;
				SDKROOT = iphoneos;
				SWIFT_COMPILATION_MODE = wholemodule;
				SWIFT_OPTIMIZATION_LEVEL = "-O";
				VALIDATE_PRODUCT = YES;
			};
			name = Release;
		};
		5720271C22E07E5600447634 /* Debug */ = {
			isa = XCBuildConfiguration;
			buildSettings = {
				ASSETCATALOG_COMPILER_APPICON_NAME = AppIcon;
				CODE_SIGN_STYLE = Automatic;
				DEVELOPMENT_TEAM = 6F983ZW9E9;
				INFOPLIST_FILE = ARPeopleOcclusion/Info.plist;
				LD_RUNPATH_SEARCH_PATHS = (
					"$(inherited)",
					"@executable_path/Frameworks",
				);
				PRODUCT_BUNDLE_IDENTIFIER = com.aKANJ.ARPeopleOcclusion;
				PRODUCT_NAME = "$(TARGET_NAME)";
				SWIFT_VERSION = 5.0;
				TARGETED_DEVICE_FAMILY = "1,2";
			};
			name = Debug;
		};
		5720271D22E07E5600447634 /* Release */ = {
			isa = XCBuildConfiguration;
			buildSettings = {
				ASSETCATALOG_COMPILER_APPICON_NAME = AppIcon;
				CODE_SIGN_STYLE = Automatic;
				DEVELOPMENT_TEAM = 6F983ZW9E9;
				INFOPLIST_FILE = ARPeopleOcclusion/Info.plist;
				LD_RUNPATH_SEARCH_PATHS = (
					"$(inherited)",
					"@executable_path/Frameworks",
				);
				PRODUCT_BUNDLE_IDENTIFIER = com.aKANJ.ARPeopleOcclusion;
				PRODUCT_NAME = "$(TARGET_NAME)";
				SWIFT_VERSION = 5.0;
				TARGETED_DEVICE_FAMILY = "1,2";
			};
			name = Release;
		};
/* End XCBuildConfiguration section */

/* Begin XCConfigurationList section */
		5720270222E07E5500447634 /* Build configuration list for PBXProject "ARPeopleOcclusion" */ = {
			isa = XCConfigurationList;
			buildConfigurations = (
				5720271922E07E5600447634 /* Debug */,
				5720271A22E07E5600447634 /* Release */,
			);
			defaultConfigurationIsVisible = 0;
			defaultConfigurationName = Release;
		};
		5720271B22E07E5600447634 /* Build configuration list for PBXNativeTarget "ARPeopleOcclusion" */ = {
			isa = XCConfigurationList;
			buildConfigurations = (
				5720271C22E07E5600447634 /* Debug */,
				5720271D22E07E5600447634 /* Release */,
			);
			defaultConfigurationIsVisible = 0;
			defaultConfigurationName = Release;
		};
/* End XCConfigurationList section */
	};
	rootObject = 572026FF22E07E5500447634 /* Project object */;
}
